
Microsoft Visual Studio Solution File, Format Version 12.00
# Visual Studio 15
VisualStudioVersion = 15.0.26730.12
MinimumVisualStudioVersion = 10.0.40219.1
Project("{FAE04EC0-301F-11D3-BF4B-00C04F79EFBC}") = "Lecture_29", "Lecture_29\Lecture_29.csproj", "{808E7AFB-1F22-47E4-BD3C-8DD703C9E081}"
EndProject
Project("{FAE04EC0-301F-11D3-BF4B-00C04F79EFBC}") = "Lecture_30", "Lecture_30\Lecture_30.csproj", "{70BF4DC5-7C2E-42B6-BDB8-34D3C31A479A}"
EndProject
Project("{FAE04EC0-301F-11D3-BF4B-00C04F79EFBC}") = "Lecture_31", "Lecture_31\Lecture_31.csproj", "{DFC40BCD-6AF3-4664-BA7A-EDA2873C4952}"
EndProject
Project("{FAE04EC0-301F-11D3-BF4B-00C04F79EFBC}") = "Lecture_34", "Lecture_34\Lecture_34.csproj", "{35ED12FB-1127-4C05-891B-EB03E9CAA199}"
EndProject
Project("{FAE04EC0-301F-11D3-BF4B-00C04F79EFBC}") = "Lecture_36", "Lecture_36\Lecture_36.csproj", "{BFDCABC9-DDD8-4393-972B-E2B069E008CB}"
EndProject
Project("{FAE04EC0-301F-11D3-BF4B-00C04F79EFBC}") = "Lecture_37", "Lecture_37\Lecture_37.csproj", "{DCC32583-DD94-49D8-AECD-A345A2B0B5AA}"
EndProject
Project("{FAE04EC0-301F-11D3-BF4B-00C04F79EFBC}") = "Conditionals", "Conditionals\Conditionals.csproj", "{EC7640A0-48C3-42D9-AB59-CF1161379720}"
EndProject
Project("{FAE04EC0-301F-11D3-BF4B-00C04F79EFBC}") = "Exercie_1", "Exercie_1\Exercie_1.csproj", "{A54DF677-364B-48F5-AEF1-EACFB327BEC6}"
EndProject
Project("{FAE04EC0-301F-11D3-BF4B-00C04F79EFBC}") = "Exercie_2", "Exercie_2\Exercie_2.csproj", "{F526897D-5828-49B3-9A4F-366448D42CE9}"
EndProject
Project("{FAE04EC0-301F-11D3-BF4B-00C04F79EFBC}") = "Exercie_3", "Exercie_3\Exercie_3.csproj", "{14064BBB-BC33-4085-AD8F-378ED8B140F8}"
EndProject
Project("{FAE04EC0-301F-11D3-BF4B-00C04F79EFBC}") = "Exercie_4", "Exercie_4\Exercie_4.csproj", "{EA589BB2-BC9F-4B29-8D21-BFACEE21D566}"
EndProject
Global
	GlobalSection(SolutionConfigurationPlatforms) = preSolution
		Debug|Any CPU = Debug|Any CPU
		Release|Any CPU = Release|Any CPU
	EndGlobalSection
	GlobalSection(ProjectConfigurationPlatforms) = postSolution
		{808E7AFB-1F22-47E4-BD3C-8DD703C9E081}.Debug|Any CPU.ActiveCfg = Debug|Any CPU
		{808E7AFB-1F22-47E4-BD3C-8DD703C9E081}.Debug|Any CPU.Build.0 = Debug|Any CPU
		{808E7AFB-1F22-47E4-BD3C-8DD703C9E081}.Release|Any CPU.ActiveCfg = Release|Any CPU
		{808E7AFB-1F22-47E4-BD3C-8DD703C9E081}.Release|Any CPU.Build.0 = Release|Any CPU
		{70BF4DC5-7C2E-42B6-BDB8-34D3C31A479A}.Debug|Any CPU.ActiveCfg = Debug|Any CPU
		{70BF4DC5-7C2E-42B6-BDB8-34D3C31A479A}.Debug|Any CPU.Build.0 = Debug|Any CPU
		{70BF4DC5-7C2E-42B6-BDB8-34D3C31A479A}.Release|Any CPU.ActiveCfg = Release|Any CPU
		{70BF4DC5-7C2E-42B6-BDB8-34D3C31A479A}.Release|Any CPU.Build.0 = Release|Any CPU
		{DFC40BCD-6AF3-4664-BA7A-EDA2873C4952}.Debug|Any CPU.ActiveCfg = Debug|Any CPU
		{DFC40BCD-6AF3-4664-BA7A-EDA2873C4952}.Debug|Any CPU.Build.0 = Debug|Any CPU
		{DFC40BCD-6AF3-4664-BA7A-EDA2873C4952}.Release|Any CPU.ActiveCfg = Release|Any CPU
		{DFC40BCD-6AF3-4664-BA7A-EDA2873C4952}.Release|Any CPU.Build.0 = Release|Any CPU
		{35ED12FB-1127-4C05-891B-EB03E9CAA199}.Debug|Any CPU.ActiveCfg = Debug|Any CPU
		{35ED12FB-1127-4C05-891B-EB03E9CAA199}.Debug|Any CPU.Build.0 = Debug|Any CPU
		{35ED12FB-1127-4C05-891B-EB03E9CAA199}.Release|Any CPU.ActiveCfg = Release|Any CPU
		{35ED12FB-1127-4C05-891B-EB03E9CAA199}.Release|Any CPU.Build.0 = Release|Any CPU
		{BFDCABC9-DDD8-4393-972B-E2B069E008CB}.Debug|Any CPU.ActiveCfg = Debug|Any CPU
		{BFDCABC9-DDD8-4393-972B-E2B069E008CB}.Debug|Any CPU.Build.0 = Debug|Any CPU
		{BFDCABC9-DDD8-4393-972B-E2B069E008CB}.Release|Any CPU.ActiveCfg = Release|Any CPU
		{BFDCABC9-DDD8-4393-972B-E2B069E008CB}.Release|Any CPU.Build.0 = Release|Any CPU
		{DCC32583-DD94-49D8-AECD-A345A2B0B5AA}.Debug|Any CPU.ActiveCfg = Debug|Any CPU
		{DCC32583-DD94-49D8-AECD-A345A2B0B5AA}.Debug|Any CPU.Build.0 = Debug|Any CPU
		{DCC32583-DD94-49D8-AECD-A345A2B0B5AA}.Release|Any CPU.ActiveCfg = Release|Any CPU
		{DCC32583-DD94-49D8-AECD-A345A2B0B5AA}.Release|Any CPU.Build.0 = Release|Any CPU
		{EC7640A0-48C3-42D9-AB59-CF1161379720}.Debug|Any CPU.ActiveCfg = Debug|Any CPU
		{EC7640A0-48C3-42D9-AB59-CF1161379720}.Debug|Any CPU.Build.0 = Debug|Any CPU
		{EC7640A0-48C3-42D9-AB59-CF1161379720}.Release|Any CPU.ActiveCfg = Release|Any CPU
		{EC7640A0-48C3-42D9-AB59-CF1161379720}.Release|Any CPU.Build.0 = Release|Any CPU
		{A54DF677-364B-48F5-AEF1-EACFB327BEC6}.Debug|Any CPU.ActiveCfg = Debug|Any CPU
		{A54DF677-364B-48F5-AEF1-EACFB327BEC6}.Debug|Any CPU.Build.0 = Debug|Any CPU
		{A54DF677-364B-48F5-AEF1-EACFB327BEC6}.Release|Any CPU.ActiveCfg = Release|Any CPU
		{A54DF677-364B-48F5-AEF1-EACFB327BEC6}.Release|Any CPU.Build.0 = Release|Any CPU
		{F526897D-5828-49B3-9A4F-366448D42CE9}.Debug|Any CPU.ActiveCfg = Debug|Any CPU
		{F526897D-5828-49B3-9A4F-366448D42CE9}.Debug|Any CPU.Build.0 = Debug|Any CPU
		{F526897D-5828-49B3-9A4F-366448D42CE9}.Release|Any CPU.ActiveCfg = Release|Any CPU
		{F526897D-5828-49B3-9A4F-366448D42CE9}.Release|Any CPU.Build.0 = Release|Any CPU
		{14064BBB-BC33-4085-AD8F-378ED8B140F8}.Debug|Any CPU.ActiveCfg = Debug|Any CPU
		{14064BBB-BC33-4085-AD8F-378ED8B140F8}.Debug|Any CPU.Build.0 = Debug|Any CPU
		{14064BBB-BC33-4085-AD8F-378ED8B140F8}.Release|Any CPU.ActiveCfg = Release|Any CPU
		{14064BBB-BC33-4085-AD8F-378ED8B140F8}.Release|Any CPU.Build.0 = Release|Any CPU
		{EA589BB2-BC9F-4B29-8D21-BFACEE21D566}.Debug|Any CPU.ActiveCfg = Debug|Any CPU
		{EA589BB2-BC9F-4B29-8D21-BFACEE21D566}.Debug|Any CPU.Build.0 = Debug|Any CPU
		{EA589BB2-BC9F-4B29-8D21-BFACEE21D566}.Release|Any CPU.ActiveCfg = Release|Any CPU
		{EA589BB2-BC9F-4B29-8D21-BFACEE21D566}.Release|Any CPU.Build.0 = Release|Any CPU
	EndGlobalSection
	GlobalSection(SolutionProperties) = preSolution
		HideSolutionNode = FALSE
	EndGlobalSection
	GlobalSection(ExtensibilityGlobals) = postSolution
		SolutionGuid = {01856CAD-C32D-429B-A6B4-75513C1F7F69}
	EndGlobalSection
EndGlobal
